{
  "version": "5",
  "specifiers": {
    "jsr:@std/assert@*": "1.0.19",
    "jsr:@std/internal@^1.0.12": "1.0.12"
  },
  "jsr": {
    "@std/assert@1.0.19": {
      "integrity": "eaada96ee120cb980bc47e040f82814d786fe8162ecc53c91d8df60b8755991e",
      "dependencies": [
        "jsr:@std/internal"
      ]
    },
    "@std/internal@1.0.12": {
      "integrity": "972a634fd5bc34b242024402972cd5143eac68d8dffaca5eaa4dba30ce17b027"
    }
  },
  "redirects": {
    "https://esm.sh/@supabase/supabase-js@2": "https://esm.sh/@supabase/supabase-js@2.100.1"
  },
  "remote": {
    "https://esm.sh/@supabase/supabase-js@2.100.1": "3da58de1a4bce64c5072ceabe7be743adc0456fa04a9adf8d139ecd7b84e6457",
    "https://esm.sh/pdf-lib@1.17.1": "cf7c5527829cb9bbb3aa20d339c530067441c10eb98880360aea9e77c3c87ff8"
  },
  "workspace": {
    "packageJson": {
      "dependencies": [
        "npm:@capacitor/android@^8.3.0",
        "npm:@capacitor/camera@^8.0.2",
        "npm:@capacitor/cli@^8.3.0",
        "npm:@capacitor/core@^8.3.0",
        "npm:@capacitor/filesystem@^8.1.2",
        "npm:@capacitor/haptics@^8.0.2",
        "npm:@capacitor/ios@^8.3.0",
        "npm:@capacitor/push-notifications@^8.0.3",
        "npm:@capacitor/splash-screen@^8.0.1",
        "npm:@capacitor/status-bar@^8.0.2",
        "npm:@playwright/test@^1.58.2",
        "npm:esbuild@~0.27.4",
        "npm:pdf-parse@^2.4.5",
        "npm:pdfjs-dist@^3.11.174",
        "npm:puppeteer@^24.40.0"
      ]
    }
  }
}
